
Microsoft Visual Studio Solution File, Format Version 12.00
# Visual Studio Version 17
VisualStudioVersion = 17.2.32616.157
MinimumVisualStudioVersion = 10.0.40219.1
Project("{FAE04EC0-301F-11D3-BF4B-00C04F79EFBC}") = "WindowsFormsApp1", "WindowsFormsApp1\WindowsFormsApp1.csproj", "{42BC3AA2-E9DC-45E5-861D-90F11DF61530}"
EndProject
Global
	GlobalSection(SolutionConfigurationPlatforms) = preSolution
		Debug|Any CPU = Debug|Any CPU
		Release|Any CPU = Release|Any CPU
	EndGlobalSection
	GlobalSection(ProjectConfigurationPlatforms) = postSolution
		{42BC3AA2-E9DC-45E5-861D-90F11DF61530}.Debug|Any CPU.ActiveCfg = Debug|Any CPU
		{42BC3AA2-E9DC-45E5-861D-90F11DF61530}.Debug|Any CPU.Build.0 = Debug|Any CPU
		{42BC3AA2-E9DC-45E5-861D-90F11DF61530}.Release|Any CPU.ActiveCfg = Release|Any CPU
		{42BC3AA2-E9DC-45E5-861D-90F11DF61530}.Release|Any CPU.Build.0 = Release|Any CPU
	EndGlobalSection
	GlobalSection(SolutionProperties) = preSolution
		HideSolutionNode = FALSE
	EndGlobalSection
	GlobalSection(ExtensibilityGlobals) = postSolution
		SolutionGuid = {D68EB1D9-C705-4DD6-B302-1C8BA544CA4E}
	EndGlobalSection
EndGlobal
